<?xml version="1.0" encoding="utf-8"?>
<Project ToolsVersion="4.0" xmlns="http://schemas.microsoft.com/developer/msbuild/2003">
  <ItemGroup>
    <Filter Include="Source Files">
      <UniqueIdentifier>{4FC737F1-C7A5-4376-A066-2A32D752A2FF}</UniqueIdentifier>
      <Extensions>cpp;c;cc;cxx;c++;cppm;ixx;def;odl;idl;hpj;bat;asm;asmx</Extensions>
    </Filter>
    <Filter Include="Header Files">
      <UniqueIdentifier>{93995380-89BD-4b04-88EB-625FBE52EBFB}</UniqueIdentifier>
      <Extensions>h;hh;hpp;hxx;h++;hm;inl;inc;ipp;xsd</Extensions>
    </Filter>
    <Filter Include="Resource Files">
      <UniqueIdentifier>{67DA6AB6-F800-4c08-8B7A-83BB121AAD01}</UniqueIdentifier>
      <Extensions>rc;ico;cur;bmp;dlg;rc2;rct;bin;rgs;gif;jpg;jpeg;jpe;resx;tiff;tif;png;wav;mfcribbon-ms</Extensions>
    </Filter>
  </ItemGroup>
  <ItemGroup>
    <ClCompile Include="..\Bicicleta.cpp">
      <Filter>Source Files</Filter>
    </ClCompile>
    <ClCompile Include="..\BicicletaCarretera.cpp">
      <Filter>Source Files</Filter>
    </ClCompile>
    <ClCompile Include="..\BicicletaInfantil.cpp">
      <Filter>Source Files</Filter>
    </ClCompile>
    <ClCompile Include="..\BicicletaMTB.cpp">
      <Filter>Source Files</Filter>
    </ClCompile>
    <ClCompile Include="..\Botiga.cpp">
      <Filter>Source Files</Filter>
    </ClCompile>
    <ClCompile Include="..\Comanda.cpp">
      <Filter>Source Files</Filter>
    </ClCompile>
    <ClCompile Include="..\Data.cpp">
      <Filter>Source Files</Filter>
    </ClCompile>
    <ClCompile Include="..\Empresa.cpp">
      <Filter>Source Files</Filter>
    </ClCompile>
    <ClCompile Include="..\Entitat.cpp">
      <Filter>Source Files</Filter>
    </ClCompile>
    <ClCompile Include="..\Magatzem.cpp">
      <Filter>Source Files</Filter>
    </ClCompile>
    <ClCompile Include="..\OperacionsData.cpp">
      <Filter>Source Files</Filter>
    </ClCompile>
    <ClCompile Include="..\OrganismeRus.cpp">
      <Filter>Source Files</Filter>
    </ClCompile>
    <ClCompile Include="..\Persona.cpp">
      <Filter>Source Files</Filter>
    </ClCompile>
    <ClCompile Include="..\Proveidor.cpp">
      <Filter>Source Files</Filter>
    </ClCompile>
    <ClCompile Include="..\utils.cpp">
      <Filter>Source Files</Filter>
    </ClCompile>
    <ClCompile Include="main.cpp">
      <Filter>Source Files</Filter>
    </ClCompile>
  </ItemGroup>
  <ItemGroup>
    <ClInclude Include="..\Bicicleta.h">
      <Filter>Header Files</Filter>
    </ClInclude>
    <ClInclude Include="..\BicicletaCarretera.h">
      <Filter>Header Files</Filter>
    </ClInclude>
    <ClInclude Include="..\BicicletaInfantil.h">
      <Filter>Header Files</Filter>
    </ClInclude>
    <ClInclude Include="..\BicicletaMTB.h">
      <Filter>Header Files</Filter>
    </ClInclude>
    <ClInclude Include="..\Botiga.h">
      <Filter>Header Files</Filter>
    </ClInclude>
    <ClInclude Include="..\Comanda.h">
      <Filter>Header Files</Filter>
    </ClInclude>
    <ClInclude Include="..\Data.h">
      <Filter>Header Files</Filter>
    </ClInclude>
    <ClInclude Include="..\Empresa.h">
      <Filter>Header Files</Filter>
    </ClInclude>
    <ClInclude Include="..\Entitat.h">
      <Filter>Header Files</Filter>
    </ClInclude>
    <ClInclude Include="..\Magatzem.h">
      <Filter>Header Files</Filter>
    </ClInclude>
    <ClInclude Include="..\OperacionsData.h">
      <Filter>Header Files</Filter>
    </ClInclude>
    <ClInclude Include="..\OrganismeRus.h">
      <Filter>Header Files</Filter>
    </ClInclude>
    <ClInclude Include="..\Persona.h">
      <Filter>Header Files</Filter>
    </ClInclude>
    <ClInclude Include="..\Proveidor.h">
      <Filter>Header Files</Filter>
    </ClInclude>
    <ClInclude Include="..\utils.h">
      <Filter>Header Files</Filter>
    </ClInclude>
  </ItemGroup>
</Project>